
Microsoft Visual Studio Solution File, Format Version 12.00
# Visual Studio Version 17
VisualStudioVersion = 17.13.35806.99 d17.13
MinimumVisualStudioVersion = 10.0.40219.1
Project("{FAE04EC0-301F-11D3-BF4B-00C04F79EFBC}") = "WorkFlow.API", "WorkFlow.API\WorkFlow.API.csproj", "{84AB8371-3813-4AED-B3A4-01D76738B201}"
EndProject
Project("{FAE04EC0-301F-11D3-BF4B-00C04F79EFBC}") = "WorkFlow.Domain", "WorkFlow.Domain\WorkFlow.Domain.csproj", "{B00AB80F-5E29-411B-B5DB-CE72B95C5BC2}"
EndProject
Project("{FAE04EC0-301F-11D3-BF4B-00C04F79EFBC}") = "WorkFlow.Application", "WorkFlow.Application\WorkFlow.Application.csproj", "{E4CA0279-61F4-4E11-9397-C8AAC1984DC1}"
EndProject
Project("{FAE04EC0-301F-11D3-BF4B-00C04F79EFBC}") = "WorkFlow.Infrastructure", "WorkFlow.Infrastructure\WorkFlow.Infrastructure.csproj", "{F43841E6-86B4-4689-AFA9-1C145A711F1F}"
EndProject
Global
	GlobalSection(SolutionConfigurationPlatforms) = preSolution
		Debug|Any CPU = Debug|Any CPU
		Release|Any CPU = Release|Any CPU
	EndGlobalSection
	GlobalSection(ProjectConfigurationPlatforms) = postSolution
		{84AB8371-3813-4AED-B3A4-01D76738B201}.Debug|Any CPU.ActiveCfg = Debug|Any CPU
		{84AB8371-3813-4AED-B3A4-01D76738B201}.Debug|Any CPU.Build.0 = Debug|Any CPU
		{84AB8371-3813-4AED-B3A4-01D76738B201}.Release|Any CPU.ActiveCfg = Release|Any CPU
		{84AB8371-3813-4AED-B3A4-01D76738B201}.Release|Any CPU.Build.0 = Release|Any CPU
		{B00AB80F-5E29-411B-B5DB-CE72B95C5BC2}.Debug|Any CPU.ActiveCfg = Debug|Any CPU
		{B00AB80F-5E29-411B-B5DB-CE72B95C5BC2}.Debug|Any CPU.Build.0 = Debug|Any CPU
		{B00AB80F-5E29-411B-B5DB-CE72B95C5BC2}.Release|Any CPU.ActiveCfg = Release|Any CPU
		{B00AB80F-5E29-411B-B5DB-CE72B95C5BC2}.Release|Any CPU.Build.0 = Release|Any CPU
		{E4CA0279-61F4-4E11-9397-C8AAC1984DC1}.Debug|Any CPU.ActiveCfg = Debug|Any CPU
		{E4CA0279-61F4-4E11-9397-C8AAC1984DC1}.Debug|Any CPU.Build.0 = Debug|Any CPU
		{E4CA0279-61F4-4E11-9397-C8AAC1984DC1}.Release|Any CPU.ActiveCfg = Release|Any CPU
		{E4CA0279-61F4-4E11-9397-C8AAC1984DC1}.Release|Any CPU.Build.0 = Release|Any CPU
		{F43841E6-86B4-4689-AFA9-1C145A711F1F}.Debug|Any CPU.ActiveCfg = Debug|Any CPU
		{F43841E6-86B4-4689-AFA9-1C145A711F1F}.Debug|Any CPU.Build.0 = Debug|Any CPU
		{F43841E6-86B4-4689-AFA9-1C145A711F1F}.Release|Any CPU.ActiveCfg = Release|Any CPU
		{F43841E6-86B4-4689-AFA9-1C145A711F1F}.Release|Any CPU.Build.0 = Release|Any CPU
	EndGlobalSection
	GlobalSection(SolutionProperties) = preSolution
		HideSolutionNode = FALSE
	EndGlobalSection
	GlobalSection(ExtensibilityGlobals) = postSolution
		SolutionGuid = {C9AB0A8D-C9E7-497A-96CC-3658E8E43E9C}
	EndGlobalSection
EndGlobal
